
Microsoft Visual Studio Solution File, Format Version 12.00
Project("{FAE04EC0-301F-11D3-BF4B-00C04F79EFBC}") = "Sandbox", "Sandbox\Sandbox.csproj", "{8A1C6AEB-EC14-4BAE-9B2C-81027644FE83}"
EndProject
Project("{FAE04EC0-301F-11D3-BF4B-00C04F79EFBC}") = "UnityEngine", "UnityEngine\UnityEngine.csproj", "{68CA5E1F-5E3D-484D-81D5-0FFC8E07F8B3}"
EndProject
Global
	GlobalSection(SolutionConfigurationPlatforms) = preSolution
		Debug|Any CPU = Debug|Any CPU
		Release|Any CPU = Release|Any CPU
	EndGlobalSection
	GlobalSection(ProjectConfigurationPlatforms) = postSolution
		{8A1C6AEB-EC14-4BAE-9B2C-81027644FE83}.Debug|Any CPU.ActiveCfg = Debug|Any CPU
		{8A1C6AEB-EC14-4BAE-9B2C-81027644FE83}.Debug|Any CPU.Build.0 = Debug|Any CPU
		{8A1C6AEB-EC14-4BAE-9B2C-81027644FE83}.Release|Any CPU.ActiveCfg = Release|Any CPU
		{8A1C6AEB-EC14-4BAE-9B2C-81027644FE83}.Release|Any CPU.Build.0 = Release|Any CPU
		{68CA5E1F-5E3D-484D-81D5-0FFC8E07F8B3}.Debug|Any CPU.ActiveCfg = Debug|Any CPU
		{68CA5E1F-5E3D-484D-81D5-0FFC8E07F8B3}.Debug|Any CPU.Build.0 = Debug|Any CPU
		{68CA5E1F-5E3D-484D-81D5-0FFC8E07F8B3}.Release|Any CPU.ActiveCfg = Release|Any CPU
		{68CA5E1F-5E3D-484D-81D5-0FFC8E07F8B3}.Release|Any CPU.Build.0 = Release|Any CPU
	EndGlobalSection
EndGlobal
