
Microsoft Visual Studio Solution File, Format Version 12.00
Project("{FAE04EC0-301F-11D3-BF4B-00C04F79EFBC}") = "Sandbox", "Sandbox\Sandbox.csproj", "{8A1C6AEB-EC14-4BAE-9B2C-81027644FE83}"
EndProject
Project("{FAE04EC0-301F-11D3-BF4B-00C04F79EFBC}") = "UnityEngine", "UnityEngine\UnityEngine.csproj", "{68CA5E1F-5E3D-484D-81D5-0FFC8E07F8B3}"
EndProject
Project("{FAE04EC0-301F-11D3-BF4B-00C04F79EFBC}") = "Loader", "Loader\Loader.csproj", "{9B473B61-D0BF-4637-9E4A-A2D0A46F72F7}"
EndProject
Project("{FAE04EC0-301F-11D3-BF4B-00C04F79EFBC}") = "Core", "Core\Core.csproj", "{C37F18F3-369E-4AF6-8F85-653F8481C88C}"
EndProject
Project("{FAE04EC0-301F-11D3-BF4B-00C04F79EFBC}") = "Model", "Model\Model.csproj", "{EFB9100D-5B29-423C-83C0-AB61E9431F87}"
EndProject
Project("{FAE04EC0-301F-11D3-BF4B-00C04F79EFBC}") = "Hotfix", "Hotfix\Hotfix.csproj", "{7197B494-F7D5-47C8-95C1-A45F68B3C9CA}"
EndProject
Project("{FAE04EC0-301F-11D3-BF4B-00C04F79EFBC}") = "Editor", "Editor\Editor.csproj", "{BC1BEC44-A810-4094-A5BA-DA97B26FFCF4}"
EndProject
Project("{FAE04EC0-301F-11D3-BF4B-00C04F79EFBC}") = "HotfixView", "HotfixView\HotfixView.csproj", "{BFFE763D-975C-4516-96B4-6E82C306A4CA}"
EndProject
Project("{FAE04EC0-301F-11D3-BF4B-00C04F79EFBC}") = "ModelView", "ModelView\ModelView.csproj", "{266C4324-4DB1-4A70-9275-ACF756324E3D}"
EndProject
Project("{FAE04EC0-301F-11D3-BF4B-00C04F79EFBC}") = "ThirdParty", "ThirdParty\ThirdParty.csproj", "{4282313F-8A9B-4541-A27E-FB096D643F3A}"
EndProject
Global
	GlobalSection(SolutionConfigurationPlatforms) = preSolution
		Debug|Any CPU = Debug|Any CPU
		Release|Any CPU = Release|Any CPU
	EndGlobalSection
	GlobalSection(ProjectConfigurationPlatforms) = postSolution
		{8A1C6AEB-EC14-4BAE-9B2C-81027644FE83}.Debug|Any CPU.ActiveCfg = Debug|Any CPU
		{8A1C6AEB-EC14-4BAE-9B2C-81027644FE83}.Debug|Any CPU.Build.0 = Debug|Any CPU
		{8A1C6AEB-EC14-4BAE-9B2C-81027644FE83}.Release|Any CPU.ActiveCfg = Release|Any CPU
		{8A1C6AEB-EC14-4BAE-9B2C-81027644FE83}.Release|Any CPU.Build.0 = Release|Any CPU
		{68CA5E1F-5E3D-484D-81D5-0FFC8E07F8B3}.Debug|Any CPU.ActiveCfg = Debug|Any CPU
		{68CA5E1F-5E3D-484D-81D5-0FFC8E07F8B3}.Debug|Any CPU.Build.0 = Debug|Any CPU
		{68CA5E1F-5E3D-484D-81D5-0FFC8E07F8B3}.Release|Any CPU.ActiveCfg = Release|Any CPU
		{68CA5E1F-5E3D-484D-81D5-0FFC8E07F8B3}.Release|Any CPU.Build.0 = Release|Any CPU
		{9B473B61-D0BF-4637-9E4A-A2D0A46F72F7}.Debug|Any CPU.ActiveCfg = Debug|Any CPU
		{9B473B61-D0BF-4637-9E4A-A2D0A46F72F7}.Debug|Any CPU.Build.0 = Debug|Any CPU
		{9B473B61-D0BF-4637-9E4A-A2D0A46F72F7}.Release|Any CPU.ActiveCfg = Release|Any CPU
		{9B473B61-D0BF-4637-9E4A-A2D0A46F72F7}.Release|Any CPU.Build.0 = Release|Any CPU
		{C37F18F3-369E-4AF6-8F85-653F8481C88C}.Debug|Any CPU.ActiveCfg = Debug|Any CPU
		{C37F18F3-369E-4AF6-8F85-653F8481C88C}.Debug|Any CPU.Build.0 = Debug|Any CPU
		{C37F18F3-369E-4AF6-8F85-653F8481C88C}.Release|Any CPU.ActiveCfg = Release|Any CPU
		{C37F18F3-369E-4AF6-8F85-653F8481C88C}.Release|Any CPU.Build.0 = Release|Any CPU
		{EFB9100D-5B29-423C-83C0-AB61E9431F87}.Debug|Any CPU.ActiveCfg = Debug|Any CPU
		{EFB9100D-5B29-423C-83C0-AB61E9431F87}.Debug|Any CPU.Build.0 = Debug|Any CPU
		{EFB9100D-5B29-423C-83C0-AB61E9431F87}.Release|Any CPU.ActiveCfg = Release|Any CPU
		{EFB9100D-5B29-423C-83C0-AB61E9431F87}.Release|Any CPU.Build.0 = Release|Any CPU
		{7197B494-F7D5-47C8-95C1-A45F68B3C9CA}.Debug|Any CPU.ActiveCfg = Debug|Any CPU
		{7197B494-F7D5-47C8-95C1-A45F68B3C9CA}.Debug|Any CPU.Build.0 = Debug|Any CPU
		{7197B494-F7D5-47C8-95C1-A45F68B3C9CA}.Release|Any CPU.ActiveCfg = Release|Any CPU
		{7197B494-F7D5-47C8-95C1-A45F68B3C9CA}.Release|Any CPU.Build.0 = Release|Any CPU
		{BC1BEC44-A810-4094-A5BA-DA97B26FFCF4}.Debug|Any CPU.ActiveCfg = Debug|Any CPU
		{BC1BEC44-A810-4094-A5BA-DA97B26FFCF4}.Debug|Any CPU.Build.0 = Debug|Any CPU
		{BC1BEC44-A810-4094-A5BA-DA97B26FFCF4}.Release|Any CPU.ActiveCfg = Release|Any CPU
		{BC1BEC44-A810-4094-A5BA-DA97B26FFCF4}.Release|Any CPU.Build.0 = Release|Any CPU
		{BFFE763D-975C-4516-96B4-6E82C306A4CA}.Debug|Any CPU.ActiveCfg = Debug|Any CPU
		{BFFE763D-975C-4516-96B4-6E82C306A4CA}.Debug|Any CPU.Build.0 = Debug|Any CPU
		{BFFE763D-975C-4516-96B4-6E82C306A4CA}.Release|Any CPU.ActiveCfg = Release|Any CPU
		{BFFE763D-975C-4516-96B4-6E82C306A4CA}.Release|Any CPU.Build.0 = Release|Any CPU
		{266C4324-4DB1-4A70-9275-ACF756324E3D}.Debug|Any CPU.ActiveCfg = Debug|Any CPU
		{266C4324-4DB1-4A70-9275-ACF756324E3D}.Debug|Any CPU.Build.0 = Debug|Any CPU
		{266C4324-4DB1-4A70-9275-ACF756324E3D}.Release|Any CPU.ActiveCfg = Release|Any CPU
		{266C4324-4DB1-4A70-9275-ACF756324E3D}.Release|Any CPU.Build.0 = Release|Any CPU
		{4282313F-8A9B-4541-A27E-FB096D643F3A}.Debug|Any CPU.ActiveCfg = Debug|Any CPU
		{4282313F-8A9B-4541-A27E-FB096D643F3A}.Debug|Any CPU.Build.0 = Debug|Any CPU
		{4282313F-8A9B-4541-A27E-FB096D643F3A}.Release|Any CPU.ActiveCfg = Release|Any CPU
		{4282313F-8A9B-4541-A27E-FB096D643F3A}.Release|Any CPU.Build.0 = Release|Any CPU
	EndGlobalSection
EndGlobal
